
Microsoft Visual Studio Solution File, Format Version 12.00
Project("{FAE04EC0-301F-11D3-BF4B-00C04F79EFBC}") = "Penrose.Utils.AssetPacker", "Penrose.Utils.AssetPacker\Penrose.Utils.AssetPacker.csproj", "{AEC4813F-FE4F-4684-8406-F5577B68F0DC}"
EndProject
Project("{2150E333-8FDC-42A3-9474-1A3956D46DE8}") = "Tests", "Tests", "{E625E9CC-2D35-4E7D-AAA7-D3D8450E23AC}"
EndProject
Project("{FAE04EC0-301F-11D3-BF4B-00C04F79EFBC}") = "Penrose.Utils.Tests.AssetPacker", "Tests\Penrose.Utils.Tests.AssetPacker\Penrose.Utils.Tests.AssetPacker.csproj", "{898569B9-958C-4110-B884-198BBD40FB55}"
EndProject
Global
	GlobalSection(SolutionConfigurationPlatforms) = preSolution
		Debug|Any CPU = Debug|Any CPU
		Release|Any CPU = Release|Any CPU
	EndGlobalSection
	GlobalSection(ProjectConfigurationPlatforms) = postSolution
		{AEC4813F-FE4F-4684-8406-F5577B68F0DC}.Debug|Any CPU.ActiveCfg = Debug|Any CPU
		{AEC4813F-FE4F-4684-8406-F5577B68F0DC}.Debug|Any CPU.Build.0 = Debug|Any CPU
		{AEC4813F-FE4F-4684-8406-F5577B68F0DC}.Release|Any CPU.ActiveCfg = Release|Any CPU
		{AEC4813F-FE4F-4684-8406-F5577B68F0DC}.Release|Any CPU.Build.0 = Release|Any CPU
		{898569B9-958C-4110-B884-198BBD40FB55}.Debug|Any CPU.ActiveCfg = Debug|Any CPU
		{898569B9-958C-4110-B884-198BBD40FB55}.Debug|Any CPU.Build.0 = Debug|Any CPU
		{898569B9-958C-4110-B884-198BBD40FB55}.Release|Any CPU.ActiveCfg = Release|Any CPU
		{898569B9-958C-4110-B884-198BBD40FB55}.Release|Any CPU.Build.0 = Release|Any CPU
	EndGlobalSection
	GlobalSection(NestedProjects) = preSolution
		{898569B9-958C-4110-B884-198BBD40FB55} = {E625E9CC-2D35-4E7D-AAA7-D3D8450E23AC}
	EndGlobalSection
EndGlobal
